
Microsoft Visual Studio Solution File, Format Version 12.00
# Visual Studio 15
VisualStudioVersion = 15.0.28307.852
MinimumVisualStudioVersion = 10.0.40219.1
Project("{FAE04EC0-301F-11D3-BF4B-00C04F79EFBC}") = "Producer", "Producer\Producer.csproj", "{EC9BCC1C-8569-4E15-B795-599F7E879D10}"
EndProject
Global
	GlobalSection(SolutionConfigurationPlatforms) = preSolution
		Debug|Any CPU = Debug|Any CPU
		Release|Any CPU = Release|Any CPU
	EndGlobalSection
	GlobalSection(ProjectConfigurationPlatforms) = postSolution
		{EC9BCC1C-8569-4E15-B795-599F7E879D10}.Debug|Any CPU.ActiveCfg = Debug|Any CPU
		{EC9BCC1C-8569-4E15-B795-599F7E879D10}.Debug|Any CPU.Build.0 = Debug|Any CPU
		{EC9BCC1C-8569-4E15-B795-599F7E879D10}.Release|Any CPU.ActiveCfg = Release|Any CPU
		{EC9BCC1C-8569-4E15-B795-599F7E879D10}.Release|Any CPU.Build.0 = Release|Any CPU
	EndGlobalSection
	GlobalSection(SolutionProperties) = preSolution
		HideSolutionNode = FALSE
	EndGlobalSection
	GlobalSection(ExtensibilityGlobals) = postSolution
		SolutionGuid = {D96835D3-4189-4FF2-90AD-58D395DFC5EE}
	EndGlobalSection
EndGlobal
